
Microsoft Visual Studio Solution File, Format Version 12.00
# Visual Studio Version 17
VisualStudioVersion = 17.2.32505.173
MinimumVisualStudioVersion = 10.0.40219.1
Project("{FAE04EC0-301F-11D3-BF4B-00C04F79EFBC}") = "TTTApp", "TTTApp\TTTApp.csproj", "{F42F3FF3-F981-4F8C-AC64-6EFEFBD05515}"
EndProject
Global
	GlobalSection(SolutionConfigurationPlatforms) = preSolution
		Debug|Any CPU = Debug|Any CPU
		Release|Any CPU = Release|Any CPU
	EndGlobalSection
	GlobalSection(ProjectConfigurationPlatforms) = postSolution
		{F42F3FF3-F981-4F8C-AC64-6EFEFBD05515}.Debug|Any CPU.ActiveCfg = Debug|Any CPU
		{F42F3FF3-F981-4F8C-AC64-6EFEFBD05515}.Debug|Any CPU.Build.0 = Debug|Any CPU
		{F42F3FF3-F981-4F8C-AC64-6EFEFBD05515}.Release|Any CPU.ActiveCfg = Release|Any CPU
		{F42F3FF3-F981-4F8C-AC64-6EFEFBD05515}.Release|Any CPU.Build.0 = Release|Any CPU
	EndGlobalSection
	GlobalSection(SolutionProperties) = preSolution
		HideSolutionNode = FALSE
	EndGlobalSection
	GlobalSection(ExtensibilityGlobals) = postSolution
		SolutionGuid = {172410B8-7BE8-4E3E-8E0E-DBCBBC58A58E}
	EndGlobalSection
EndGlobal
